
Microsoft Visual Studio Solution File, Format Version 12.00
# Visual Studio 2013
VisualStudioVersion = 12.0.30501.0
MinimumVisualStudioVersion = 10.0.40219.1
Project("{2150E333-8FDC-42A3-9474-1A3956D46DE8}") = "Solution Items", "Solution Items", "{C8B64FDD-2301-4E85-87A8-B88E8A878444}"
	ProjectSection(SolutionItems) = preProject
		README.md = README.md
	EndProjectSection
EndProject
Project("{FAE04EC0-301F-11D3-BF4B-00C04F79EFBC}") = "Pdf2Jpg", "Pdf2Jpg\Pdf2Jpg.csproj", "{DB71FB7A-4124-46A3-80C4-9FA075CA7B39}"
EndProject
Project("{FAE04EC0-301F-11D3-BF4B-00C04F79EFBC}") = "AnimatedGif2Ico", "AnimatedGif2Ico\AnimatedGif2Ico.csproj", "{9C858395-6941-471B-8BD6-69692D06F403}"
EndProject
Project("{FAE04EC0-301F-11D3-BF4B-00C04F79EFBC}") = "Json2Html", "Json2Html\Json2Html.csproj", "{AB06053C-6373-45D5-931B-718D71FDA581}"
EndProject
Global
	GlobalSection(SolutionConfigurationPlatforms) = preSolution
		Debug|Any CPU = Debug|Any CPU
		Release|Any CPU = Release|Any CPU
	EndGlobalSection
	GlobalSection(ProjectConfigurationPlatforms) = postSolution
		{DB71FB7A-4124-46A3-80C4-9FA075CA7B39}.Debug|Any CPU.ActiveCfg = Debug|Any CPU
		{DB71FB7A-4124-46A3-80C4-9FA075CA7B39}.Debug|Any CPU.Build.0 = Debug|Any CPU
		{DB71FB7A-4124-46A3-80C4-9FA075CA7B39}.Release|Any CPU.ActiveCfg = Release|Any CPU
		{DB71FB7A-4124-46A3-80C4-9FA075CA7B39}.Release|Any CPU.Build.0 = Release|Any CPU
		{9C858395-6941-471B-8BD6-69692D06F403}.Debug|Any CPU.ActiveCfg = Debug|Any CPU
		{9C858395-6941-471B-8BD6-69692D06F403}.Debug|Any CPU.Build.0 = Debug|Any CPU
		{9C858395-6941-471B-8BD6-69692D06F403}.Release|Any CPU.ActiveCfg = Release|Any CPU
		{9C858395-6941-471B-8BD6-69692D06F403}.Release|Any CPU.Build.0 = Release|Any CPU
		{AB06053C-6373-45D5-931B-718D71FDA581}.Debug|Any CPU.ActiveCfg = Debug|Any CPU
		{AB06053C-6373-45D5-931B-718D71FDA581}.Debug|Any CPU.Build.0 = Debug|Any CPU
		{AB06053C-6373-45D5-931B-718D71FDA581}.Release|Any CPU.ActiveCfg = Release|Any CPU
		{AB06053C-6373-45D5-931B-718D71FDA581}.Release|Any CPU.Build.0 = Release|Any CPU
	EndGlobalSection
	GlobalSection(SolutionProperties) = preSolution
		HideSolutionNode = FALSE
	EndGlobalSection
EndGlobal
